
Microsoft Visual Studio Solution File, Format Version 12.00
# Visual Studio Version 17
VisualStudioVersion = 17.1.32421.90
MinimumVisualStudioVersion = 10.0.40219.1
Project("{FAE04EC0-301F-11D3-BF4B-00C04F79EFBC}") = "TestState", "TestState\TestState.csproj", "{8C1DA676-CED1-4AD2-9C8E-20F7C868CC1C}"
EndProject
Global
	GlobalSection(SolutionConfigurationPlatforms) = preSolution
		Debug|Any CPU = Debug|Any CPU
		Release|Any CPU = Release|Any CPU
	EndGlobalSection
	GlobalSection(ProjectConfigurationPlatforms) = postSolution
		{8C1DA676-CED1-4AD2-9C8E-20F7C868CC1C}.Debug|Any CPU.ActiveCfg = Debug|Any CPU
		{8C1DA676-CED1-4AD2-9C8E-20F7C868CC1C}.Debug|Any CPU.Build.0 = Debug|Any CPU
		{8C1DA676-CED1-4AD2-9C8E-20F7C868CC1C}.Release|Any CPU.ActiveCfg = Release|Any CPU
		{8C1DA676-CED1-4AD2-9C8E-20F7C868CC1C}.Release|Any CPU.Build.0 = Release|Any CPU
	EndGlobalSection
	GlobalSection(SolutionProperties) = preSolution
		HideSolutionNode = FALSE
	EndGlobalSection
	GlobalSection(ExtensibilityGlobals) = postSolution
		SolutionGuid = {B3C4F838-85FC-48FB-AFDF-5952531AFF8F}
	EndGlobalSection
EndGlobal
